
Microsoft Visual Studio Solution File, Format Version 12.00
# Visual Studio Version 16
VisualStudioVersion = 16.0.31515.178
MinimumVisualStudioVersion = 10.0.40219.1
Project("{FAE04EC0-301F-11D3-BF4B-00C04F79EFBC}") = "University.Web", "University.Web\University.Web.csproj", "{2E36E260-B3A4-4A55-BC22-18DFF2ABAA0A}"
EndProject
Project("{FAE04EC0-301F-11D3-BF4B-00C04F79EFBC}") = "University.BL", "University.BL\University.BL.csproj", "{B4CA7615-4BFF-4403-8080-2754450051B9}"
EndProject
Global
	GlobalSection(SolutionConfigurationPlatforms) = preSolution
		Debug|Any CPU = Debug|Any CPU
		Release|Any CPU = Release|Any CPU
	EndGlobalSection
	GlobalSection(ProjectConfigurationPlatforms) = postSolution
		{2E36E260-B3A4-4A55-BC22-18DFF2ABAA0A}.Debug|Any CPU.ActiveCfg = Debug|Any CPU
		{2E36E260-B3A4-4A55-BC22-18DFF2ABAA0A}.Debug|Any CPU.Build.0 = Debug|Any CPU
		{2E36E260-B3A4-4A55-BC22-18DFF2ABAA0A}.Release|Any CPU.ActiveCfg = Release|Any CPU
		{2E36E260-B3A4-4A55-BC22-18DFF2ABAA0A}.Release|Any CPU.Build.0 = Release|Any CPU
		{B4CA7615-4BFF-4403-8080-2754450051B9}.Debug|Any CPU.ActiveCfg = Debug|Any CPU
		{B4CA7615-4BFF-4403-8080-2754450051B9}.Debug|Any CPU.Build.0 = Debug|Any CPU
		{B4CA7615-4BFF-4403-8080-2754450051B9}.Release|Any CPU.ActiveCfg = Release|Any CPU
		{B4CA7615-4BFF-4403-8080-2754450051B9}.Release|Any CPU.Build.0 = Release|Any CPU
	EndGlobalSection
	GlobalSection(SolutionProperties) = preSolution
		HideSolutionNode = FALSE
	EndGlobalSection
	GlobalSection(ExtensibilityGlobals) = postSolution
		SolutionGuid = {EDAEDABA-19DD-49D4-8F9D-19FA90FA29E3}
	EndGlobalSection
EndGlobal
